
Microsoft Visual Studio Solution File, Format Version 12.00
# Visual Studio Version 17
VisualStudioVersion = 17.5.33502.453
MinimumVisualStudioVersion = 10.0.40219.1
Project("{9A19103F-16F7-4668-BE54-9A1E7A4F7556}") = "PlantHub01", "PlantHub01\PlantHub01.csproj", "{1339EAC1-A861-4DCA-BF00-B095315F22A5}"
EndProject
Project("{FAE04EC0-301F-11D3-BF4B-00C04F79EFBC}") = "UnitTestPH", "UnitTestPH\UnitTestPH.csproj", "{EDE9DEF6-59B9-48CC-A766-183AAD6FAAD1}"
EndProject
Global
	GlobalSection(SolutionConfigurationPlatforms) = preSolution
		Debug|Any CPU = Debug|Any CPU
		Release|Any CPU = Release|Any CPU
	EndGlobalSection
	GlobalSection(ProjectConfigurationPlatforms) = postSolution
		{1339EAC1-A861-4DCA-BF00-B095315F22A5}.Debug|Any CPU.ActiveCfg = Debug|Any CPU
		{1339EAC1-A861-4DCA-BF00-B095315F22A5}.Debug|Any CPU.Build.0 = Debug|Any CPU
		{1339EAC1-A861-4DCA-BF00-B095315F22A5}.Release|Any CPU.ActiveCfg = Release|Any CPU
		{1339EAC1-A861-4DCA-BF00-B095315F22A5}.Release|Any CPU.Build.0 = Release|Any CPU
		{EDE9DEF6-59B9-48CC-A766-183AAD6FAAD1}.Debug|Any CPU.ActiveCfg = Debug|Any CPU
		{EDE9DEF6-59B9-48CC-A766-183AAD6FAAD1}.Debug|Any CPU.Build.0 = Debug|Any CPU
		{EDE9DEF6-59B9-48CC-A766-183AAD6FAAD1}.Release|Any CPU.ActiveCfg = Release|Any CPU
		{EDE9DEF6-59B9-48CC-A766-183AAD6FAAD1}.Release|Any CPU.Build.0 = Release|Any CPU
	EndGlobalSection
	GlobalSection(SolutionProperties) = preSolution
		HideSolutionNode = FALSE
	EndGlobalSection
	GlobalSection(ExtensibilityGlobals) = postSolution
		SolutionGuid = {9370811E-4504-489F-86F6-66DA7C4E57E1}
	EndGlobalSection
EndGlobal
